
Microsoft Visual Studio Solution File, Format Version 12.00
# Visual Studio Version 16
VisualStudioVersion = 16.0.29613.14
MinimumVisualStudioVersion = 10.0.40219.1
Project("{FAE04EC0-301F-11D3-BF4B-00C04F79EFBC}") = "lucky-number", "lucky-number\lucky-number.csproj", "{1980A63B-8CA7-4125-8686-EB1198B041D8}"
EndProject
Global
	GlobalSection(SolutionConfigurationPlatforms) = preSolution
		Debug|Any CPU = Debug|Any CPU
		Release|Any CPU = Release|Any CPU
	EndGlobalSection
	GlobalSection(ProjectConfigurationPlatforms) = postSolution
		{1980A63B-8CA7-4125-8686-EB1198B041D8}.Debug|Any CPU.ActiveCfg = Debug|Any CPU
		{1980A63B-8CA7-4125-8686-EB1198B041D8}.Debug|Any CPU.Build.0 = Debug|Any CPU
		{1980A63B-8CA7-4125-8686-EB1198B041D8}.Release|Any CPU.ActiveCfg = Release|Any CPU
		{1980A63B-8CA7-4125-8686-EB1198B041D8}.Release|Any CPU.Build.0 = Release|Any CPU
	EndGlobalSection
	GlobalSection(SolutionProperties) = preSolution
		HideSolutionNode = FALSE
	EndGlobalSection
	GlobalSection(ExtensibilityGlobals) = postSolution
		SolutionGuid = {9C1D2B66-C8D5-4898-99E9-F174FD771163}
	EndGlobalSection
EndGlobal
